
Microsoft Visual Studio Solution File, Format Version 12.00
# Visual Studio 15
VisualStudioVersion = 15.0.27703.2018
MinimumVisualStudioVersion = 10.0.40219.1
Project("{FAE04EC0-301F-11D3-BF4B-00C04F79EFBC}") = "mrbapi", "mrbapi\mrbapi.csproj", "{42E24994-66C6-41B5-989F-E5FF99F9CA8C}"
EndProject
Global
	GlobalSection(SolutionConfigurationPlatforms) = preSolution
		Debug|Any CPU = Debug|Any CPU
		Release|Any CPU = Release|Any CPU
	EndGlobalSection
	GlobalSection(ProjectConfigurationPlatforms) = postSolution
		{42E24994-66C6-41B5-989F-E5FF99F9CA8C}.Debug|Any CPU.ActiveCfg = Debug|Any CPU
		{42E24994-66C6-41B5-989F-E5FF99F9CA8C}.Debug|Any CPU.Build.0 = Debug|Any CPU
		{42E24994-66C6-41B5-989F-E5FF99F9CA8C}.Release|Any CPU.ActiveCfg = Release|Any CPU
		{42E24994-66C6-41B5-989F-E5FF99F9CA8C}.Release|Any CPU.Build.0 = Release|Any CPU
	EndGlobalSection
	GlobalSection(SolutionProperties) = preSolution
		HideSolutionNode = FALSE
	EndGlobalSection
	GlobalSection(ExtensibilityGlobals) = postSolution
		SolutionGuid = {AC327AC0-3198-4049-A694-2D6ECBC7D414}
	EndGlobalSection
EndGlobal
